
Microsoft Visual Studio Solution File, Format Version 12.00
# Visual Studio 15
VisualStudioVersion = 15.0.27428.2005
MinimumVisualStudioVersion = 10.0.40219.1
Project("{FAE04EC0-301F-11D3-BF4B-00C04F79EFBC}") = "WebAPIExample", "WebAPIExample\WebAPIExample.csproj", "{52CC6B74-5F4E-4895-8C7D-606045F1675E}"
EndProject
Project("{FAE04EC0-301F-11D3-BF4B-00C04F79EFBC}") = "WebAPIRead", "WebAPIRead\WebAPIRead.csproj", "{C72636D2-0716-4A0F-AE80-079BF30636B7}"
EndProject
Global
	GlobalSection(SolutionConfigurationPlatforms) = preSolution
		Debug|Any CPU = Debug|Any CPU
		Release|Any CPU = Release|Any CPU
	EndGlobalSection
	GlobalSection(ProjectConfigurationPlatforms) = postSolution
		{52CC6B74-5F4E-4895-8C7D-606045F1675E}.Debug|Any CPU.ActiveCfg = Debug|Any CPU
		{52CC6B74-5F4E-4895-8C7D-606045F1675E}.Debug|Any CPU.Build.0 = Debug|Any CPU
		{52CC6B74-5F4E-4895-8C7D-606045F1675E}.Release|Any CPU.ActiveCfg = Release|Any CPU
		{52CC6B74-5F4E-4895-8C7D-606045F1675E}.Release|Any CPU.Build.0 = Release|Any CPU
		{C72636D2-0716-4A0F-AE80-079BF30636B7}.Debug|Any CPU.ActiveCfg = Debug|Any CPU
		{C72636D2-0716-4A0F-AE80-079BF30636B7}.Debug|Any CPU.Build.0 = Debug|Any CPU
		{C72636D2-0716-4A0F-AE80-079BF30636B7}.Release|Any CPU.ActiveCfg = Release|Any CPU
		{C72636D2-0716-4A0F-AE80-079BF30636B7}.Release|Any CPU.Build.0 = Release|Any CPU
	EndGlobalSection
	GlobalSection(SolutionProperties) = preSolution
		HideSolutionNode = FALSE
	EndGlobalSection
	GlobalSection(ExtensibilityGlobals) = postSolution
		SolutionGuid = {D2CE2BB0-6646-48DF-B84D-D2520C9155A8}
	EndGlobalSection
EndGlobal
